{
  "version": 4,
  "terraform_version": "1.5.7",
  "serial": 22,
  "lineage": "66e933f3-05e2-eadd-65c6-ba2fccea916d",
  "outputs": {
    "node_exporter_instance_ip": {
      "value": "18.119.235.34",
      "type": "string"
    },
    "prometheus_grafana_instance_ip": {
      "value": "52.14.24.177",
      "type": "string"
    }
  },
  "resources": [
    {
      "mode": "data",
      "type": "aws_ami",
      "name": "ubuntu",
      "provider": "provider[\"registry.terraform.io/hashicorp/aws\"]",
      "instances": [
        {
          "schema_version": 0,
          "attributes": {
            "architecture": "x86_64",
            "arn": "arn:aws:ec2:us-east-2::image/ami-0e4d0bb9670ea8db0",
            "block_device_mappings": [
              {
                "device_name": "/dev/sda1",
                "ebs": {
                  "delete_on_termination": "true",
                  "encrypted": "false",
                  "iops": "0",
                  "snapshot_id": "snap-09c7241a99401cb37",
                  "throughput": "0",
                  "volume_size": "8",
                  "volume_type": "gp2"
                },
                "no_device": "",
                "virtual_name": ""
              },
              {
                "device_name": "/dev/sdb",
                "ebs": {},
                "no_device": "",
                "virtual_name": "ephemeral0"
              },
              {
                "device_name": "/dev/sdc",
                "ebs": {},
                "no_device": "",
                "virtual_name": "ephemeral1"
              }
            ],
            "boot_mode": "legacy-bios",
            "creation_date": "2023-11-28T01:11:26.000Z",
            "deprecation_time": "2025-11-28T01:11:26.000Z",
            "description": "Canonical, Ubuntu, 20.04 LTS, amd64 focal image build on 2023-11-27",
            "ena_support": true,
            "executable_users": null,
            "filter": [
              {
                "name": "name",
                "values": [
                  "ubuntu/images/hvm-ssd/ubuntu-focal-20.04-amd64-server-*"
                ]
              },
              {
                "name": "virtualization-type",
                "values": [
                  "hvm"
                ]
              }
            ],
            "hypervisor": "xen",
            "id": "ami-0e4d0bb9670ea8db0",
            "image_id": "ami-0e4d0bb9670ea8db0",
            "image_location": "amazon/ubuntu/images/hvm-ssd/ubuntu-focal-20.04-amd64-server-20231127",
            "image_owner_alias": "amazon",
            "image_type": "machine",
            "imds_support": "",
            "include_deprecated": false,
            "kernel_id": "",
            "most_recent": true,
            "name": "ubuntu/images/hvm-ssd/ubuntu-focal-20.04-amd64-server-20231127",
            "name_regex": null,
            "owner_id": "099720109477",
            "owners": [
              "099720109477"
            ],
            "platform": "",
            "platform_details": "Linux/UNIX",
            "product_codes": [],
            "public": true,
            "ramdisk_id": "",
            "root_device_name": "/dev/sda1",
            "root_device_type": "ebs",
            "root_snapshot_id": "snap-09c7241a99401cb37",
            "sriov_net_support": "simple",
            "state": "available",
            "state_reason": {
              "code": "UNSET",
              "message": "UNSET"
            },
            "tags": {},
            "timeouts": null,
            "tpm_support": "",
            "usage_operation": "RunInstances",
            "virtualization_type": "hvm"
          },
          "sensitive_attributes": []
        }
      ]
    },
    {
      "mode": "data",
      "type": "template_file",
      "name": "user_data_template",
      "provider": "provider[\"registry.terraform.io/hashicorp/template\"]",
      "instances": [
        {
          "schema_version": 0,
          "attributes": {
            "filename": null,
            "id": "89948ad48c91b91d7850d65fb6a730dbc6d88be031a489159cf26d9a0755b64d",
            "rendered": "#!/bin/bash\nsudo apt-get update \u0026\u0026 sudo apt-get upgrade -y\n#Prometheus, GitHub deposundan önceden derlenmiş bir binary dosya olarak indirilir https://prometheus.io/download/\nsudo wget https://github.com/prometheus/prometheus/releases/download/v2.44.0/prometheus-2.44.0.linux-amd64.tar.gz\n#Arşivlenen Prometheus dosyalarını çıkar\nsudo tar xvfz prometheus-*.tar.gz\n#(OPTINAL)Dosyalar çıkarıldıktan sonra arşivi silin veya depolama için farklı bir konuma taşıyın\nrm prometheus-*.tar.gz\n#Prometheus'un kullanması için iki yeni dizin oluşturun. Dizin /etc/prometheusPrometheus yapılandırma dosyalarını saklar. Dizin /var/lib/prometheusuygulama verilerini tutar.\nsudo mkdir /etc/prometheus /var/lib/prometheus\n#Çıkarılan klasörün ana dizinine gidin prometheus. yerine gerçek dizinin adını yazın prometheus-2.37.6.linux-amd64\ncd prometheus-2.44.0.linux-amd64\n#prometheusve promtool dizinlerini  /usr/local/bin/ dizinine taşıyın. Bu, Prometheus'u tüm kullanıcılar için erişilebilir kılar.\nsudo mv prometheus promtool /usr/local/bin/\n#prometheus.yml YAML yapılandırma dosyasını  /etc/prometheus dizine taşıyın\nsudo mv prometheus.yml /etc/prometheus/prometheus.yml\n#consolesve dizinleri console_librariesözelleştirilmiş konsollar oluşturmak için gerekli kaynakları içerir. ihtiyaç duyulması halinde bu dosyalar da etc/prometheus dizine taşınmalıdır .Bu dizinler taşındıktan sonra orijinal dizinde yalnızca LICENSE ve NOTICE dosyaları kalır. Bu belgeleri başka bir konuma yedekleyin ve prometheus-releasenum.linux-amd64dizini silin.\nsudo mv consoles/ console_libraries/ /etc/prometheus/\n#Prometheus'un başarıyla kurulduğunu doğrulayın\nprometheus --version\n#Prometheus'u Service Olarak Yapılandırma\n#Bir prometheus kullanıcısi oluşturun . Aşağıdaki komut bir sistem kullanıcısı oluşturur\nsudo useradd -rs /bin/false prometheus\n#Önceki bölümde oluşturulan iki dizinin sahipliğini yeni prometheus kullanıcısina atayın .\nsudo chown -R prometheus:prometheus /etc/prometheus/ /var/lib/prometheus/\n#Prometheus'un bir service olarak çalışmasına izin vermek için prometheus.service dosyasini oluşturun:\ncat \u003c\u003c 'EOF' \u003e /etc/systemd/system/prometheus.service\n[Unit]\nDescription=Prometheus\nWants=network-online.target\nAfter=network-online.target\n\n[Service]\nUser=prometheus\nGroup=prometheus\nType=simple\nRestart=on-failure\nRestartSec=5s\nExecStart=/usr/local/bin/prometheus \\\n    --config.file /etc/prometheus/prometheus.yml \\\n    --storage.tsdb.path /var/lib/prometheus/ \\\n    --web.console.templates=/etc/prometheus/consoles \\\n    --web.console.libraries=/etc/prometheus/console_libraries \\\n    --web.listen-address=0.0.0.0:9090 \\\n    --web.enable-lifecycle \\\n    --log.level=info\n\n[Install]\nWantedBy=multi-user.target\nEOF\n#Daemon'u yeniden yükleyin\nsudo systemctl daemon-reload\n#( OPTINAL ) prometheus Service i, sistem önyüklendiğinde otomatik olarak başlayacak şekilde  yapılandırmak için systemctl enable kullanın. Bu komut eklenmezse Prometheus'un manuel olarak başlatılması gerekir.\nsudo systemctl enable prometheus\n# prometheus service i başlatın ve status active olduğundan emin olmak için komutu gözden geçirin\nsudo systemctl start prometheus\n# http://local_ip_addr:9090 den web arayüzüne ve kontrol paneline erişebilirsin\n\n#Prometheus'u İstemcileri(node's) İzleyecek Şekilde Yapılandırma\n\n#Prometheus'u çalıştıran monitoring serverde prometheus.yml i düzenleme\n#targets: izlenecek IP adreslerinin parantez içine alınmış virgulle ayrilmis bir listesi\n#localhost:9100 local server i izler\nsudo bash -c \"cat \u003c\u003c EOF \u003e /etc/prometheus/prometheus.yml\n# scrape_configs bölümünü bul ve düzenle\nscrape_configs:\n  - job_name: 'prometheus'\n    static_configs:\n      - targets: ['localhost:9090']\n\n  # Yeni bir scrape job ekle\n  - job_name: 'remote_collector'\n    scrape_interval: 10s\n    static_configs:\n      - targets: ['10.0.10.94:9100']\nEOF\"\n#Prometheus'u hemen yenilemek için prometheus servisini yeniden başlatın\nsudo systemctl restart prometheus\n#http://local_ip_addr:9090 den web arayüzünden ve kontrol panelinenden STATUS ve TARGET lar secilebilir. arayuzden remote_collector ile 9100 İstatistikleri inceleyebilirsin\n\n#Grafana Server  Kurulumu ve Deployu\n#apt kullanarak gerekli bazı yardımcı programları yükleyin\nsudo apt-get install -y apt-transport-https software-properties-common\n#Grafana GPG key i içe aktarın.\nsudo wget -q -O /usr/share/keyrings/grafana.key https://apt.grafana.com/gpg.key\n#Grafana \"stabil sürümu\"  ekleyin\necho \"deb [signed-by=/usr/share/keyrings/grafana.key] https://apt.grafana.com stable main\" | sudo tee -a /etc/apt/sources.list.d/grafana.list\n#Yeni Grafana paketi de dahil olmak üzere depodaki paketleri güncelleyin\nsudo apt-get update\n#Grafana'nın açık kaynaklı sürümünü yükleyin\nsudo apt-get install grafana -y\n#systemctl Daemon'u yeniden yükleyin\nsudo systemctl daemon-reload\n#Grafana sunucusunu etkinleştirin ve başlatın. systemctl enable kullanmak sunucuyu, sistem önyüklendiğinde Grafana'yı başlatacak şekilde yapılandırır.\nsudo systemctl enable grafana-server.service\nsudo systemctl start grafana-server\n#Grafana sunucusunun durumunu doğrulamak ve active durumunda olduğundan emin olmak istersen sudo systemctl status grafana-server kullanabilirsin\n",
            "template": "#!/bin/bash\nsudo apt-get update \u0026\u0026 sudo apt-get upgrade -y\n#Prometheus, GitHub deposundan önceden derlenmiş bir binary dosya olarak indirilir https://prometheus.io/download/\nsudo wget https://github.com/prometheus/prometheus/releases/download/v2.44.0/prometheus-2.44.0.linux-amd64.tar.gz\n#Arşivlenen Prometheus dosyalarını çıkar\nsudo tar xvfz prometheus-*.tar.gz\n#(OPTINAL)Dosyalar çıkarıldıktan sonra arşivi silin veya depolama için farklı bir konuma taşıyın\nrm prometheus-*.tar.gz\n#Prometheus'un kullanması için iki yeni dizin oluşturun. Dizin /etc/prometheusPrometheus yapılandırma dosyalarını saklar. Dizin /var/lib/prometheusuygulama verilerini tutar.\nsudo mkdir /etc/prometheus /var/lib/prometheus\n#Çıkarılan klasörün ana dizinine gidin prometheus. yerine gerçek dizinin adını yazın prometheus-2.37.6.linux-amd64\ncd prometheus-2.44.0.linux-amd64\n#prometheusve promtool dizinlerini  /usr/local/bin/ dizinine taşıyın. Bu, Prometheus'u tüm kullanıcılar için erişilebilir kılar.\nsudo mv prometheus promtool /usr/local/bin/\n#prometheus.yml YAML yapılandırma dosyasını  /etc/prometheus dizine taşıyın\nsudo mv prometheus.yml /etc/prometheus/prometheus.yml\n#consolesve dizinleri console_librariesözelleştirilmiş konsollar oluşturmak için gerekli kaynakları içerir. ihtiyaç duyulması halinde bu dosyalar da etc/prometheus dizine taşınmalıdır .Bu dizinler taşındıktan sonra orijinal dizinde yalnızca LICENSE ve NOTICE dosyaları kalır. Bu belgeleri başka bir konuma yedekleyin ve prometheus-releasenum.linux-amd64dizini silin.\nsudo mv consoles/ console_libraries/ /etc/prometheus/\n#Prometheus'un başarıyla kurulduğunu doğrulayın\nprometheus --version\n#Prometheus'u Service Olarak Yapılandırma\n#Bir prometheus kullanıcısi oluşturun . Aşağıdaki komut bir sistem kullanıcısı oluşturur\nsudo useradd -rs /bin/false prometheus\n#Önceki bölümde oluşturulan iki dizinin sahipliğini yeni prometheus kullanıcısina atayın .\nsudo chown -R prometheus:prometheus /etc/prometheus/ /var/lib/prometheus/\n#Prometheus'un bir service olarak çalışmasına izin vermek için prometheus.service dosyasini oluşturun:\ncat \u003c\u003c 'EOF' \u003e /etc/systemd/system/prometheus.service\n[Unit]\nDescription=Prometheus\nWants=network-online.target\nAfter=network-online.target\n\n[Service]\nUser=prometheus\nGroup=prometheus\nType=simple\nRestart=on-failure\nRestartSec=5s\nExecStart=/usr/local/bin/prometheus \\\n    --config.file /etc/prometheus/prometheus.yml \\\n    --storage.tsdb.path /var/lib/prometheus/ \\\n    --web.console.templates=/etc/prometheus/consoles \\\n    --web.console.libraries=/etc/prometheus/console_libraries \\\n    --web.listen-address=0.0.0.0:9090 \\\n    --web.enable-lifecycle \\\n    --log.level=info\n\n[Install]\nWantedBy=multi-user.target\nEOF\n#Daemon'u yeniden yükleyin\nsudo systemctl daemon-reload\n#( OPTINAL ) prometheus Service i, sistem önyüklendiğinde otomatik olarak başlayacak şekilde  yapılandırmak için systemctl enable kullanın. Bu komut eklenmezse Prometheus'un manuel olarak başlatılması gerekir.\nsudo systemctl enable prometheus\n# prometheus service i başlatın ve status active olduğundan emin olmak için komutu gözden geçirin\nsudo systemctl start prometheus\n# http://local_ip_addr:9090 den web arayüzüne ve kontrol paneline erişebilirsin\n\n#Prometheus'u İstemcileri(node's) İzleyecek Şekilde Yapılandırma\n\n#Prometheus'u çalıştıran monitoring serverde prometheus.yml i düzenleme\n#targets: izlenecek IP adreslerinin parantez içine alınmış virgulle ayrilmis bir listesi\n#localhost:9100 local server i izler\nsudo bash -c \"cat \u003c\u003c EOF \u003e /etc/prometheus/prometheus.yml\n# scrape_configs bölümünü bul ve düzenle\nscrape_configs:\n  - job_name: 'prometheus'\n    static_configs:\n      - targets: ['localhost:9090']\n\n  # Yeni bir scrape job ekle\n  - job_name: 'remote_collector'\n    scrape_interval: 10s\n    static_configs:\n      - targets: ['${private_ip_value}:9100']\nEOF\"\n#Prometheus'u hemen yenilemek için prometheus servisini yeniden başlatın\nsudo systemctl restart prometheus\n#http://local_ip_addr:9090 den web arayüzünden ve kontrol panelinenden STATUS ve TARGET lar secilebilir. arayuzden remote_collector ile 9100 İstatistikleri inceleyebilirsin\n\n#Grafana Server  Kurulumu ve Deployu\n#apt kullanarak gerekli bazı yardımcı programları yükleyin\nsudo apt-get install -y apt-transport-https software-properties-common\n#Grafana GPG key i içe aktarın.\nsudo wget -q -O /usr/share/keyrings/grafana.key https://apt.grafana.com/gpg.key\n#Grafana \"stabil sürümu\"  ekleyin\necho \"deb [signed-by=/usr/share/keyrings/grafana.key] https://apt.grafana.com stable main\" | sudo tee -a /etc/apt/sources.list.d/grafana.list\n#Yeni Grafana paketi de dahil olmak üzere depodaki paketleri güncelleyin\nsudo apt-get update\n#Grafana'nın açık kaynaklı sürümünü yükleyin\nsudo apt-get install grafana -y\n#systemctl Daemon'u yeniden yükleyin\nsudo systemctl daemon-reload\n#Grafana sunucusunu etkinleştirin ve başlatın. systemctl enable kullanmak sunucuyu, sistem önyüklendiğinde Grafana'yı başlatacak şekilde yapılandırır.\nsudo systemctl enable grafana-server.service\nsudo systemctl start grafana-server\n#Grafana sunucusunun durumunu doğrulamak ve active durumunda olduğundan emin olmak istersen sudo systemctl status grafana-server kullanabilirsin\n",
            "vars": {
              "private_ip_value": "10.0.10.94"
            }
          },
          "sensitive_attributes": []
        }
      ]
    },
    {
      "mode": "managed",
      "type": "aws_default_route_table",
      "name": "main-rtb",
      "provider": "provider[\"registry.terraform.io/hashicorp/aws\"]",
      "instances": [
        {
          "schema_version": 0,
          "attributes": {
            "arn": "arn:aws:ec2:us-east-2:503449184478:route-table/rtb-0aa599bb7417109d6",
            "default_route_table_id": "rtb-0aa599bb7417109d6",
            "id": "rtb-0aa599bb7417109d6",
            "owner_id": "503449184478",
            "propagating_vgws": null,
            "route": [
              {
                "cidr_block": "0.0.0.0/0",
                "core_network_arn": "",
                "destination_prefix_list_id": "",
                "egress_only_gateway_id": "",
                "gateway_id": "igw-0ff4d483e44c2676a",
                "instance_id": "",
                "ipv6_cidr_block": "",
                "nat_gateway_id": "",
                "network_interface_id": "",
                "transit_gateway_id": "",
                "vpc_endpoint_id": "",
                "vpc_peering_connection_id": ""
              }
            ],
            "tags": {
              "Name": "project1-main-rtb"
            },
            "tags_all": {
              "Name": "project1-main-rtb"
            },
            "timeouts": null,
            "vpc_id": "vpc-015a0a7b2bde4a4c5"
          },
          "sensitive_attributes": [],
          "private": "eyJlMmJmYjczMC1lY2FhLTExZTYtOGY4OC0zNDM2M2JjN2M0YzAiOnsiY3JlYXRlIjoxMjAwMDAwMDAwMDAsInVwZGF0ZSI6MTIwMDAwMDAwMDAwfX0=",
          "dependencies": [
            "aws_internet_gateway.gw-project1",
            "aws_vpc.vpc-project1"
          ]
        }
      ]
    },
    {
      "mode": "managed",
      "type": "aws_instance",
      "name": "node_exporter",
      "provider": "provider[\"registry.terraform.io/hashicorp/aws\"]",
      "instances": [
        {
          "schema_version": 1,
          "attributes": {
            "ami": "ami-0e4d0bb9670ea8db0",
            "arn": "arn:aws:ec2:us-east-2:503449184478:instance/i-0175c60dd39c338b3",
            "associate_public_ip_address": true,
            "availability_zone": "us-east-2a",
            "capacity_reservation_specification": [
              {
                "capacity_reservation_preference": "open",
                "capacity_reservation_target": []
              }
            ],
            "cpu_core_count": 1,
            "cpu_options": [
              {
                "amd_sev_snp": "",
                "core_count": 1,
                "threads_per_core": 1
              }
            ],
            "cpu_threads_per_core": 1,
            "credit_specification": [
              {
                "cpu_credits": "standard"
              }
            ],
            "disable_api_stop": false,
            "disable_api_termination": false,
            "ebs_block_device": [],
            "ebs_optimized": false,
            "enclave_options": [
              {
                "enabled": false
              }
            ],
            "ephemeral_block_device": [],
            "get_password_data": false,
            "hibernation": false,
            "host_id": "",
            "host_resource_group_arn": null,
            "iam_instance_profile": "",
            "id": "i-0175c60dd39c338b3",
            "instance_initiated_shutdown_behavior": "stop",
            "instance_lifecycle": "",
            "instance_market_options": [],
            "instance_state": "running",
            "instance_type": "t2.micro",
            "ipv6_address_count": 0,
            "ipv6_addresses": [],
            "key_name": "ohio",
            "launch_template": [],
            "maintenance_options": [
              {
                "auto_recovery": "default"
              }
            ],
            "metadata_options": [
              {
                "http_endpoint": "enabled",
                "http_protocol_ipv6": "disabled",
                "http_put_response_hop_limit": 1,
                "http_tokens": "optional",
                "instance_metadata_tags": "disabled"
              }
            ],
            "monitoring": false,
            "network_interface": [],
            "outpost_arn": "",
            "password_data": "",
            "placement_group": "",
            "placement_partition_number": 0,
            "primary_network_interface_id": "eni-030f5688ec00855bd",
            "private_dns": "ip-10-0-10-94.us-east-2.compute.internal",
            "private_dns_name_options": [
              {
                "enable_resource_name_dns_a_record": false,
                "enable_resource_name_dns_aaaa_record": false,
                "hostname_type": "ip-name"
              }
            ],
            "private_ip": "10.0.10.94",
            "public_dns": "",
            "public_ip": "18.119.235.34",
            "root_block_device": [
              {
                "delete_on_termination": true,
                "device_name": "/dev/sda1",
                "encrypted": false,
                "iops": 100,
                "kms_key_id": "",
                "tags": {},
                "throughput": 0,
                "volume_id": "vol-07d9042784032c7b4",
                "volume_size": 8,
                "volume_type": "gp2"
              }
            ],
            "secondary_private_ips": [],
            "security_groups": [
              "sg-031248aeadfbcda35"
            ],
            "source_dest_check": true,
            "spot_instance_request_id": "",
            "subnet_id": "subnet-0600ce51997c02785",
            "tags": {
              "Name": "project1-node_exporter"
            },
            "tags_all": {
              "Name": "project1-node_exporter"
            },
            "tenancy": "default",
            "timeouts": null,
            "user_data": "40262441a787ef6e0dc73204efa0510a187b3bce",
            "user_data_base64": null,
            "user_data_replace_on_change": false,
            "volume_tags": null,
            "vpc_security_group_ids": [
              "sg-031248aeadfbcda35"
            ]
          },
          "sensitive_attributes": [],
          "private": "eyJlMmJmYjczMC1lY2FhLTExZTYtOGY4OC0zNDM2M2JjN2M0YzAiOnsiY3JlYXRlIjo2MDAwMDAwMDAwMDAsImRlbGV0ZSI6MTIwMDAwMDAwMDAwMCwidXBkYXRlIjo2MDAwMDAwMDAwMDB9LCJzY2hlbWFfdmVyc2lvbiI6IjEifQ==",
          "dependencies": [
            "aws_security_group.sg-project1_nexp",
            "aws_subnet.public-subnets-project1",
            "aws_vpc.vpc-project1",
            "data.aws_ami.ubuntu"
          ]
        }
      ]
    },
    {
      "mode": "managed",
      "type": "aws_instance",
      "name": "project1-ec2",
      "provider": "provider[\"registry.terraform.io/hashicorp/aws\"]",
      "instances": [
        {
          "schema_version": 1,
          "attributes": {
            "ami": "ami-0e4d0bb9670ea8db0",
            "arn": "arn:aws:ec2:us-east-2:503449184478:instance/i-092f125ee891f8cd7",
            "associate_public_ip_address": true,
            "availability_zone": "us-east-2a",
            "capacity_reservation_specification": [
              {
                "capacity_reservation_preference": "open",
                "capacity_reservation_target": []
              }
            ],
            "cpu_core_count": 1,
            "cpu_options": [
              {
                "amd_sev_snp": "",
                "core_count": 1,
                "threads_per_core": 1
              }
            ],
            "cpu_threads_per_core": 1,
            "credit_specification": [
              {
                "cpu_credits": "standard"
              }
            ],
            "disable_api_stop": false,
            "disable_api_termination": false,
            "ebs_block_device": [],
            "ebs_optimized": false,
            "enclave_options": [
              {
                "enabled": false
              }
            ],
            "ephemeral_block_device": [],
            "get_password_data": false,
            "hibernation": false,
            "host_id": "",
            "host_resource_group_arn": null,
            "iam_instance_profile": "",
            "id": "i-092f125ee891f8cd7",
            "instance_initiated_shutdown_behavior": "stop",
            "instance_lifecycle": "",
            "instance_market_options": [],
            "instance_state": "running",
            "instance_type": "t2.micro",
            "ipv6_address_count": 0,
            "ipv6_addresses": [],
            "key_name": "ohio",
            "launch_template": [],
            "maintenance_options": [
              {
                "auto_recovery": "default"
              }
            ],
            "metadata_options": [
              {
                "http_endpoint": "enabled",
                "http_protocol_ipv6": "disabled",
                "http_put_response_hop_limit": 1,
                "http_tokens": "optional",
                "instance_metadata_tags": "disabled"
              }
            ],
            "monitoring": false,
            "network_interface": [],
            "outpost_arn": "",
            "password_data": "",
            "placement_group": "",
            "placement_partition_number": 0,
            "primary_network_interface_id": "eni-085374a5f8dacaaa1",
            "private_dns": "ip-10-0-10-189.us-east-2.compute.internal",
            "private_dns_name_options": [
              {
                "enable_resource_name_dns_a_record": false,
                "enable_resource_name_dns_aaaa_record": false,
                "hostname_type": "ip-name"
              }
            ],
            "private_ip": "10.0.10.189",
            "public_dns": "",
            "public_ip": "52.14.24.177",
            "root_block_device": [
              {
                "delete_on_termination": true,
                "device_name": "/dev/sda1",
                "encrypted": false,
                "iops": 100,
                "kms_key_id": "",
                "tags": {},
                "throughput": 0,
                "volume_id": "vol-05fb8beaf77c90d81",
                "volume_size": 8,
                "volume_type": "gp2"
              }
            ],
            "secondary_private_ips": [],
            "security_groups": [
              "sg-08f85f91c22b04f89"
            ],
            "source_dest_check": true,
            "spot_instance_request_id": "",
            "subnet_id": "subnet-0600ce51997c02785",
            "tags": {
              "Name": "project1-prometheus_server"
            },
            "tags_all": {
              "Name": "project1-prometheus_server"
            },
            "tenancy": "default",
            "timeouts": null,
            "user_data": "822683ba4cf70e0d23eb104821e6ba49e7deb496",
            "user_data_base64": null,
            "user_data_replace_on_change": false,
            "volume_tags": null,
            "vpc_security_group_ids": [
              "sg-08f85f91c22b04f89"
            ]
          },
          "sensitive_attributes": [],
          "private": "eyJlMmJmYjczMC1lY2FhLTExZTYtOGY4OC0zNDM2M2JjN2M0YzAiOnsiY3JlYXRlIjo2MDAwMDAwMDAwMDAsImRlbGV0ZSI6MTIwMDAwMDAwMDAwMCwidXBkYXRlIjo2MDAwMDAwMDAwMDB9LCJzY2hlbWFfdmVyc2lvbiI6IjEifQ==",
          "dependencies": [
            "aws_instance.node_exporter",
            "aws_security_group.sg-project1",
            "aws_security_group.sg-project1_nexp",
            "aws_subnet.public-subnets-project1",
            "aws_vpc.vpc-project1",
            "data.aws_ami.ubuntu",
            "data.template_file.user_data_template"
          ]
        }
      ]
    },
    {
      "mode": "managed",
      "type": "aws_internet_gateway",
      "name": "gw-project1",
      "provider": "provider[\"registry.terraform.io/hashicorp/aws\"]",
      "instances": [
        {
          "schema_version": 0,
          "attributes": {
            "arn": "arn:aws:ec2:us-east-2:503449184478:internet-gateway/igw-0ff4d483e44c2676a",
            "id": "igw-0ff4d483e44c2676a",
            "owner_id": "503449184478",
            "tags": {
              "Name": "project1-igw"
            },
            "tags_all": {
              "Name": "project1-igw"
            },
            "timeouts": null,
            "vpc_id": "vpc-015a0a7b2bde4a4c5"
          },
          "sensitive_attributes": [],
          "private": "eyJlMmJmYjczMC1lY2FhLTExZTYtOGY4OC0zNDM2M2JjN2M0YzAiOnsiY3JlYXRlIjoxMjAwMDAwMDAwMDAwLCJkZWxldGUiOjEyMDAwMDAwMDAwMDAsInVwZGF0ZSI6MTIwMDAwMDAwMDAwMH19",
          "dependencies": [
            "aws_vpc.vpc-project1"
          ]
        }
      ]
    },
    {
      "mode": "managed",
      "type": "aws_network_acl",
      "name": "public_nacl",
      "provider": "provider[\"registry.terraform.io/hashicorp/aws\"]",
      "instances": [
        {
          "schema_version": 0,
          "attributes": {
            "arn": "arn:aws:ec2:us-east-2:503449184478:network-acl/acl-0f6e44d3d156b6155",
            "egress": [
              {
                "action": "allow",
                "cidr_block": "0.0.0.0/0",
                "from_port": 0,
                "icmp_code": -1,
                "icmp_type": -1,
                "ipv6_cidr_block": "",
                "protocol": "-1",
                "rule_no": 100,
                "to_port": 0
              }
            ],
            "id": "acl-0f6e44d3d156b6155",
            "ingress": [
              {
                "action": "allow",
                "cidr_block": "0.0.0.0/0",
                "from_port": 0,
                "icmp_code": -1,
                "icmp_type": -1,
                "ipv6_cidr_block": "",
                "protocol": "-1",
                "rule_no": 100,
                "to_port": 0
              }
            ],
            "owner_id": "503449184478",
            "subnet_ids": [],
            "tags": {
              "Name": "project1-public-nacl"
            },
            "tags_all": {
              "Name": "project1-public-nacl"
            },
            "vpc_id": "vpc-015a0a7b2bde4a4c5"
          },
          "sensitive_attributes": [],
          "private": "bnVsbA==",
          "dependencies": [
            "aws_vpc.vpc-project1"
          ]
        }
      ]
    },
    {
      "mode": "managed",
      "type": "aws_network_acl_association",
      "name": "public_subnet_nacl",
      "provider": "provider[\"registry.terraform.io/hashicorp/aws\"]",
      "instances": [
        {
          "index_key": "a",
          "schema_version": 0,
          "attributes": {
            "id": "aclassoc-01622783967cf53e1",
            "network_acl_id": "acl-0f6e44d3d156b6155",
            "subnet_id": "subnet-0600ce51997c02785"
          },
          "sensitive_attributes": [],
          "private": "bnVsbA==",
          "dependencies": [
            "aws_network_acl.public_nacl",
            "aws_subnet.public-subnets-project1",
            "aws_vpc.vpc-project1"
          ]
        },
        {
          "index_key": "b",
          "schema_version": 0,
          "attributes": {
            "id": "aclassoc-01c86e2dc951bc358",
            "network_acl_id": "acl-0f6e44d3d156b6155",
            "subnet_id": "subnet-0afab86a36b948b30"
          },
          "sensitive_attributes": [],
          "private": "bnVsbA==",
          "dependencies": [
            "aws_network_acl.public_nacl",
            "aws_subnet.public-subnets-project1",
            "aws_vpc.vpc-project1"
          ]
        },
        {
          "index_key": "c",
          "schema_version": 0,
          "attributes": {
            "id": "aclassoc-026b0acc7773c440c",
            "network_acl_id": "acl-0f6e44d3d156b6155",
            "subnet_id": "subnet-039f1aecf47324eb0"
          },
          "sensitive_attributes": [],
          "private": "bnVsbA==",
          "dependencies": [
            "aws_network_acl.public_nacl",
            "aws_subnet.public-subnets-project1",
            "aws_vpc.vpc-project1"
          ]
        }
      ]
    },
    {
      "mode": "managed",
      "type": "aws_route_table_association",
      "name": "public_subnet_association",
      "provider": "provider[\"registry.terraform.io/hashicorp/aws\"]",
      "instances": [
        {
          "index_key": 0,
          "schema_version": 0,
          "attributes": {
            "gateway_id": "",
            "id": "rtbassoc-07eb3f30298220621",
            "route_table_id": "rtb-0aa599bb7417109d6",
            "subnet_id": "subnet-0600ce51997c02785",
            "timeouts": null
          },
          "sensitive_attributes": [],
          "private": "eyJlMmJmYjczMC1lY2FhLTExZTYtOGY4OC0zNDM2M2JjN2M0YzAiOnsiY3JlYXRlIjozMDAwMDAwMDAwMDAsImRlbGV0ZSI6MzAwMDAwMDAwMDAwLCJ1cGRhdGUiOjEyMDAwMDAwMDAwMH19",
          "dependencies": [
            "aws_default_route_table.main-rtb",
            "aws_internet_gateway.gw-project1",
            "aws_subnet.public-subnets-project1",
            "aws_vpc.vpc-project1"
          ]
        },
        {
          "index_key": 1,
          "schema_version": 0,
          "attributes": {
            "gateway_id": "",
            "id": "rtbassoc-048e4d308604c8004",
            "route_table_id": "rtb-0aa599bb7417109d6",
            "subnet_id": "subnet-0afab86a36b948b30",
            "timeouts": null
          },
          "sensitive_attributes": [],
          "private": "eyJlMmJmYjczMC1lY2FhLTExZTYtOGY4OC0zNDM2M2JjN2M0YzAiOnsiY3JlYXRlIjozMDAwMDAwMDAwMDAsImRlbGV0ZSI6MzAwMDAwMDAwMDAwLCJ1cGRhdGUiOjEyMDAwMDAwMDAwMH19",
          "dependencies": [
            "aws_default_route_table.main-rtb",
            "aws_internet_gateway.gw-project1",
            "aws_subnet.public-subnets-project1",
            "aws_vpc.vpc-project1"
          ]
        },
        {
          "index_key": 2,
          "schema_version": 0,
          "attributes": {
            "gateway_id": "",
            "id": "rtbassoc-09681dd3fa7805ab4",
            "route_table_id": "rtb-0aa599bb7417109d6",
            "subnet_id": "subnet-039f1aecf47324eb0",
            "timeouts": null
          },
          "sensitive_attributes": [],
          "private": "eyJlMmJmYjczMC1lY2FhLTExZTYtOGY4OC0zNDM2M2JjN2M0YzAiOnsiY3JlYXRlIjozMDAwMDAwMDAwMDAsImRlbGV0ZSI6MzAwMDAwMDAwMDAwLCJ1cGRhdGUiOjEyMDAwMDAwMDAwMH19",
          "dependencies": [
            "aws_default_route_table.main-rtb",
            "aws_internet_gateway.gw-project1",
            "aws_subnet.public-subnets-project1",
            "aws_vpc.vpc-project1"
          ]
        }
      ]
    },
    {
      "mode": "managed",
      "type": "aws_security_group",
      "name": "sg-project1",
      "provider": "provider[\"registry.terraform.io/hashicorp/aws\"]",
      "instances": [
        {
          "schema_version": 1,
          "attributes": {
            "arn": "arn:aws:ec2:us-east-2:503449184478:security-group/sg-08f85f91c22b04f89",
            "description": "upper(project1) security-group",
            "egress": [
              {
                "cidr_blocks": [
                  "0.0.0.0/0"
                ],
                "description": "All traffic",
                "from_port": 0,
                "ipv6_cidr_blocks": [],
                "prefix_list_ids": [],
                "protocol": "-1",
                "security_groups": [],
                "self": false,
                "to_port": 0
              }
            ],
            "id": "sg-08f85f91c22b04f89",
            "ingress": [
              {
                "cidr_blocks": [
                  "0.0.0.0/0"
                ],
                "description": "Grafana",
                "from_port": 3000,
                "ipv6_cidr_blocks": [],
                "prefix_list_ids": [],
                "protocol": "tcp",
                "security_groups": [],
                "self": false,
                "to_port": 3000
              },
              {
                "cidr_blocks": [
                  "0.0.0.0/0"
                ],
                "description": "HTTP",
                "from_port": 80,
                "ipv6_cidr_blocks": [],
                "prefix_list_ids": [],
                "protocol": "tcp",
                "security_groups": [],
                "self": false,
                "to_port": 80
              },
              {
                "cidr_blocks": [
                  "0.0.0.0/0"
                ],
                "description": "HTTPS",
                "from_port": 443,
                "ipv6_cidr_blocks": [],
                "prefix_list_ids": [],
                "protocol": "tcp",
                "security_groups": [],
                "self": false,
                "to_port": 443
              },
              {
                "cidr_blocks": [
                  "0.0.0.0/0"
                ],
                "description": "Node Exporter",
                "from_port": 9100,
                "ipv6_cidr_blocks": [],
                "prefix_list_ids": [],
                "protocol": "tcp",
                "security_groups": [],
                "self": false,
                "to_port": 9100
              },
              {
                "cidr_blocks": [
                  "0.0.0.0/0"
                ],
                "description": "Prometheus",
                "from_port": 9090,
                "ipv6_cidr_blocks": [],
                "prefix_list_ids": [],
                "protocol": "tcp",
                "security_groups": [],
                "self": false,
                "to_port": 9090
              },
              {
                "cidr_blocks": [
                  "0.0.0.0/0"
                ],
                "description": "SSH",
                "from_port": 22,
                "ipv6_cidr_blocks": [],
                "prefix_list_ids": [],
                "protocol": "tcp",
                "security_groups": [],
                "self": false,
                "to_port": 22
              }
            ],
            "name": "project1-security-group",
            "name_prefix": "",
            "owner_id": "503449184478",
            "revoke_rules_on_delete": false,
            "tags": null,
            "tags_all": {},
            "timeouts": null,
            "vpc_id": "vpc-015a0a7b2bde4a4c5"
          },
          "sensitive_attributes": [],
          "private": "eyJlMmJmYjczMC1lY2FhLTExZTYtOGY4OC0zNDM2M2JjN2M0YzAiOnsiY3JlYXRlIjo2MDAwMDAwMDAwMDAsImRlbGV0ZSI6OTAwMDAwMDAwMDAwfSwic2NoZW1hX3ZlcnNpb24iOiIxIn0=",
          "dependencies": [
            "aws_vpc.vpc-project1"
          ]
        }
      ]
    },
    {
      "mode": "managed",
      "type": "aws_security_group",
      "name": "sg-project1_nexp",
      "provider": "provider[\"registry.terraform.io/hashicorp/aws\"]",
      "instances": [
        {
          "schema_version": 1,
          "attributes": {
            "arn": "arn:aws:ec2:us-east-2:503449184478:security-group/sg-031248aeadfbcda35",
            "description": "upper(project1) security-group for node exporter",
            "egress": [
              {
                "cidr_blocks": [
                  "0.0.0.0/0"
                ],
                "description": "All traffic",
                "from_port": 0,
                "ipv6_cidr_blocks": [],
                "prefix_list_ids": [],
                "protocol": "-1",
                "security_groups": [],
                "self": false,
                "to_port": 0
              }
            ],
            "id": "sg-031248aeadfbcda35",
            "ingress": [
              {
                "cidr_blocks": [
                  "0.0.0.0/0"
                ],
                "description": "HTTP",
                "from_port": 80,
                "ipv6_cidr_blocks": [],
                "prefix_list_ids": [],
                "protocol": "tcp",
                "security_groups": [],
                "self": false,
                "to_port": 80
              },
              {
                "cidr_blocks": [
                  "0.0.0.0/0"
                ],
                "description": "HTTPS",
                "from_port": 443,
                "ipv6_cidr_blocks": [],
                "prefix_list_ids": [],
                "protocol": "tcp",
                "security_groups": [],
                "self": false,
                "to_port": 443
              },
              {
                "cidr_blocks": [
                  "0.0.0.0/0"
                ],
                "description": "Node Exporter",
                "from_port": 9100,
                "ipv6_cidr_blocks": [],
                "prefix_list_ids": [],
                "protocol": "tcp",
                "security_groups": [],
                "self": false,
                "to_port": 9100
              },
              {
                "cidr_blocks": [
                  "0.0.0.0/0"
                ],
                "description": "SSH",
                "from_port": 22,
                "ipv6_cidr_blocks": [],
                "prefix_list_ids": [],
                "protocol": "tcp",
                "security_groups": [],
                "self": false,
                "to_port": 22
              }
            ],
            "name": "project1-security-group-nexp",
            "name_prefix": "",
            "owner_id": "503449184478",
            "revoke_rules_on_delete": false,
            "tags": null,
            "tags_all": {},
            "timeouts": null,
            "vpc_id": "vpc-015a0a7b2bde4a4c5"
          },
          "sensitive_attributes": [],
          "private": "eyJlMmJmYjczMC1lY2FhLTExZTYtOGY4OC0zNDM2M2JjN2M0YzAiOnsiY3JlYXRlIjo2MDAwMDAwMDAwMDAsImRlbGV0ZSI6OTAwMDAwMDAwMDAwfSwic2NoZW1hX3ZlcnNpb24iOiIxIn0=",
          "dependencies": [
            "aws_vpc.vpc-project1"
          ]
        }
      ]
    },
    {
      "mode": "managed",
      "type": "aws_subnet",
      "name": "private-subnets-project1",
      "provider": "provider[\"registry.terraform.io/hashicorp/aws\"]",
      "instances": [
        {
          "index_key": "a",
          "schema_version": 1,
          "attributes": {
            "arn": "arn:aws:ec2:us-east-2:503449184478:subnet/subnet-0428b2e6739808658",
            "assign_ipv6_address_on_creation": false,
            "availability_zone": "us-east-2a",
            "availability_zone_id": "use2-az1",
            "cidr_block": "10.0.11.0/24",
            "customer_owned_ipv4_pool": "",
            "enable_dns64": false,
            "enable_lni_at_device_index": 0,
            "enable_resource_name_dns_a_record_on_launch": false,
            "enable_resource_name_dns_aaaa_record_on_launch": false,
            "id": "subnet-0428b2e6739808658",
            "ipv6_cidr_block": "",
            "ipv6_cidr_block_association_id": "",
            "ipv6_native": false,
            "map_customer_owned_ip_on_launch": false,
            "map_public_ip_on_launch": false,
            "outpost_arn": "",
            "owner_id": "503449184478",
            "private_dns_hostname_type_on_launch": "ip-name",
            "tags": {
              "Name": "project1-private-subnet-A"
            },
            "tags_all": {
              "Name": "project1-private-subnet-A"
            },
            "timeouts": null,
            "vpc_id": "vpc-015a0a7b2bde4a4c5"
          },
          "sensitive_attributes": [],
          "private": "eyJlMmJmYjczMC1lY2FhLTExZTYtOGY4OC0zNDM2M2JjN2M0YzAiOnsiY3JlYXRlIjo2MDAwMDAwMDAwMDAsImRlbGV0ZSI6MTIwMDAwMDAwMDAwMH0sInNjaGVtYV92ZXJzaW9uIjoiMSJ9",
          "dependencies": [
            "aws_vpc.vpc-project1"
          ]
        },
        {
          "index_key": "b",
          "schema_version": 1,
          "attributes": {
            "arn": "arn:aws:ec2:us-east-2:503449184478:subnet/subnet-07699471c447b301d",
            "assign_ipv6_address_on_creation": false,
            "availability_zone": "us-east-2b",
            "availability_zone_id": "use2-az2",
            "cidr_block": "10.0.13.0/24",
            "customer_owned_ipv4_pool": "",
            "enable_dns64": false,
            "enable_lni_at_device_index": 0,
            "enable_resource_name_dns_a_record_on_launch": false,
            "enable_resource_name_dns_aaaa_record_on_launch": false,
            "id": "subnet-07699471c447b301d",
            "ipv6_cidr_block": "",
            "ipv6_cidr_block_association_id": "",
            "ipv6_native": false,
            "map_customer_owned_ip_on_launch": false,
            "map_public_ip_on_launch": false,
            "outpost_arn": "",
            "owner_id": "503449184478",
            "private_dns_hostname_type_on_launch": "ip-name",
            "tags": {
              "Name": "project1-private-subnet-B"
            },
            "tags_all": {
              "Name": "project1-private-subnet-B"
            },
            "timeouts": null,
            "vpc_id": "vpc-015a0a7b2bde4a4c5"
          },
          "sensitive_attributes": [],
          "private": "eyJlMmJmYjczMC1lY2FhLTExZTYtOGY4OC0zNDM2M2JjN2M0YzAiOnsiY3JlYXRlIjo2MDAwMDAwMDAwMDAsImRlbGV0ZSI6MTIwMDAwMDAwMDAwMH0sInNjaGVtYV92ZXJzaW9uIjoiMSJ9",
          "dependencies": [
            "aws_vpc.vpc-project1"
          ]
        },
        {
          "index_key": "c",
          "schema_version": 1,
          "attributes": {
            "arn": "arn:aws:ec2:us-east-2:503449184478:subnet/subnet-06ed52c3aa682f5c1",
            "assign_ipv6_address_on_creation": false,
            "availability_zone": "us-east-2c",
            "availability_zone_id": "use2-az3",
            "cidr_block": "10.0.15.0/24",
            "customer_owned_ipv4_pool": "",
            "enable_dns64": false,
            "enable_lni_at_device_index": 0,
            "enable_resource_name_dns_a_record_on_launch": false,
            "enable_resource_name_dns_aaaa_record_on_launch": false,
            "id": "subnet-06ed52c3aa682f5c1",
            "ipv6_cidr_block": "",
            "ipv6_cidr_block_association_id": "",
            "ipv6_native": false,
            "map_customer_owned_ip_on_launch": false,
            "map_public_ip_on_launch": false,
            "outpost_arn": "",
            "owner_id": "503449184478",
            "private_dns_hostname_type_on_launch": "ip-name",
            "tags": {
              "Name": "project1-private-subnet-C"
            },
            "tags_all": {
              "Name": "project1-private-subnet-C"
            },
            "timeouts": null,
            "vpc_id": "vpc-015a0a7b2bde4a4c5"
          },
          "sensitive_attributes": [],
          "private": "eyJlMmJmYjczMC1lY2FhLTExZTYtOGY4OC0zNDM2M2JjN2M0YzAiOnsiY3JlYXRlIjo2MDAwMDAwMDAwMDAsImRlbGV0ZSI6MTIwMDAwMDAwMDAwMH0sInNjaGVtYV92ZXJzaW9uIjoiMSJ9",
          "dependencies": [
            "aws_vpc.vpc-project1"
          ]
        }
      ]
    },
    {
      "mode": "managed",
      "type": "aws_subnet",
      "name": "public-subnets-project1",
      "provider": "provider[\"registry.terraform.io/hashicorp/aws\"]",
      "instances": [
        {
          "index_key": "a",
          "schema_version": 1,
          "attributes": {
            "arn": "arn:aws:ec2:us-east-2:503449184478:subnet/subnet-0600ce51997c02785",
            "assign_ipv6_address_on_creation": false,
            "availability_zone": "us-east-2a",
            "availability_zone_id": "use2-az1",
            "cidr_block": "10.0.10.0/24",
            "customer_owned_ipv4_pool": "",
            "enable_dns64": false,
            "enable_lni_at_device_index": 0,
            "enable_resource_name_dns_a_record_on_launch": false,
            "enable_resource_name_dns_aaaa_record_on_launch": false,
            "id": "subnet-0600ce51997c02785",
            "ipv6_cidr_block": "",
            "ipv6_cidr_block_association_id": "",
            "ipv6_native": false,
            "map_customer_owned_ip_on_launch": false,
            "map_public_ip_on_launch": true,
            "outpost_arn": "",
            "owner_id": "503449184478",
            "private_dns_hostname_type_on_launch": "ip-name",
            "tags": {
              "Name": "project1-public-subnet-A"
            },
            "tags_all": {
              "Name": "project1-public-subnet-A"
            },
            "timeouts": null,
            "vpc_id": "vpc-015a0a7b2bde4a4c5"
          },
          "sensitive_attributes": [],
          "private": "eyJlMmJmYjczMC1lY2FhLTExZTYtOGY4OC0zNDM2M2JjN2M0YzAiOnsiY3JlYXRlIjo2MDAwMDAwMDAwMDAsImRlbGV0ZSI6MTIwMDAwMDAwMDAwMH0sInNjaGVtYV92ZXJzaW9uIjoiMSJ9",
          "dependencies": [
            "aws_vpc.vpc-project1"
          ]
        },
        {
          "index_key": "b",
          "schema_version": 1,
          "attributes": {
            "arn": "arn:aws:ec2:us-east-2:503449184478:subnet/subnet-0afab86a36b948b30",
            "assign_ipv6_address_on_creation": false,
            "availability_zone": "us-east-2b",
            "availability_zone_id": "use2-az2",
            "cidr_block": "10.0.12.0/24",
            "customer_owned_ipv4_pool": "",
            "enable_dns64": false,
            "enable_lni_at_device_index": 0,
            "enable_resource_name_dns_a_record_on_launch": false,
            "enable_resource_name_dns_aaaa_record_on_launch": false,
            "id": "subnet-0afab86a36b948b30",
            "ipv6_cidr_block": "",
            "ipv6_cidr_block_association_id": "",
            "ipv6_native": false,
            "map_customer_owned_ip_on_launch": false,
            "map_public_ip_on_launch": true,
            "outpost_arn": "",
            "owner_id": "503449184478",
            "private_dns_hostname_type_on_launch": "ip-name",
            "tags": {
              "Name": "project1-public-subnet-B"
            },
            "tags_all": {
              "Name": "project1-public-subnet-B"
            },
            "timeouts": null,
            "vpc_id": "vpc-015a0a7b2bde4a4c5"
          },
          "sensitive_attributes": [],
          "private": "eyJlMmJmYjczMC1lY2FhLTExZTYtOGY4OC0zNDM2M2JjN2M0YzAiOnsiY3JlYXRlIjo2MDAwMDAwMDAwMDAsImRlbGV0ZSI6MTIwMDAwMDAwMDAwMH0sInNjaGVtYV92ZXJzaW9uIjoiMSJ9",
          "dependencies": [
            "aws_vpc.vpc-project1"
          ]
        },
        {
          "index_key": "c",
          "schema_version": 1,
          "attributes": {
            "arn": "arn:aws:ec2:us-east-2:503449184478:subnet/subnet-039f1aecf47324eb0",
            "assign_ipv6_address_on_creation": false,
            "availability_zone": "us-east-2c",
            "availability_zone_id": "use2-az3",
            "cidr_block": "10.0.14.0/24",
            "customer_owned_ipv4_pool": "",
            "enable_dns64": false,
            "enable_lni_at_device_index": 0,
            "enable_resource_name_dns_a_record_on_launch": false,
            "enable_resource_name_dns_aaaa_record_on_launch": false,
            "id": "subnet-039f1aecf47324eb0",
            "ipv6_cidr_block": "",
            "ipv6_cidr_block_association_id": "",
            "ipv6_native": false,
            "map_customer_owned_ip_on_launch": false,
            "map_public_ip_on_launch": true,
            "outpost_arn": "",
            "owner_id": "503449184478",
            "private_dns_hostname_type_on_launch": "ip-name",
            "tags": {
              "Name": "project1-public-subnet-C"
            },
            "tags_all": {
              "Name": "project1-public-subnet-C"
            },
            "timeouts": null,
            "vpc_id": "vpc-015a0a7b2bde4a4c5"
          },
          "sensitive_attributes": [],
          "private": "eyJlMmJmYjczMC1lY2FhLTExZTYtOGY4OC0zNDM2M2JjN2M0YzAiOnsiY3JlYXRlIjo2MDAwMDAwMDAwMDAsImRlbGV0ZSI6MTIwMDAwMDAwMDAwMH0sInNjaGVtYV92ZXJzaW9uIjoiMSJ9",
          "dependencies": [
            "aws_vpc.vpc-project1"
          ]
        }
      ]
    },
    {
      "mode": "managed",
      "type": "aws_vpc",
      "name": "vpc-project1",
      "provider": "provider[\"registry.terraform.io/hashicorp/aws\"]",
      "instances": [
        {
          "schema_version": 1,
          "attributes": {
            "arn": "arn:aws:ec2:us-east-2:503449184478:vpc/vpc-015a0a7b2bde4a4c5",
            "assign_generated_ipv6_cidr_block": false,
            "cidr_block": "10.0.0.0/16",
            "default_network_acl_id": "acl-01a563feb4e6db91c",
            "default_route_table_id": "rtb-0aa599bb7417109d6",
            "default_security_group_id": "sg-0e4f444cdd72c3bee",
            "dhcp_options_id": "dopt-07186e87aca2dcc39",
            "enable_dns_hostnames": false,
            "enable_dns_support": true,
            "enable_network_address_usage_metrics": false,
            "id": "vpc-015a0a7b2bde4a4c5",
            "instance_tenancy": "default",
            "ipv4_ipam_pool_id": null,
            "ipv4_netmask_length": null,
            "ipv6_association_id": "",
            "ipv6_cidr_block": "",
            "ipv6_cidr_block_network_border_group": "",
            "ipv6_ipam_pool_id": "",
            "ipv6_netmask_length": 0,
            "main_route_table_id": "rtb-0aa599bb7417109d6",
            "owner_id": "503449184478",
            "tags": {
              "Name": "project1-vpc"
            },
            "tags_all": {
              "Name": "project1-vpc"
            }
          },
          "sensitive_attributes": [],
          "private": "eyJzY2hlbWFfdmVyc2lvbiI6IjEifQ=="
        }
      ]
    }
  ],
  "check_results": null
}
